
Microsoft Visual Studio Solution File, Format Version 12.00
# Visual Studio Version 17
VisualStudioVersion = 17.11.35327.3
MinimumVisualStudioVersion = 10.0.40219.1
Project("{FAE04EC0-301F-11D3-BF4B-00C04F79EFBC}") = "powergrid_data_gen", "powergrid_data_gen\powergrid_data_gen.csproj", "{5108D0FF-7D70-4DC1-BB82-6EC08DC9551F}"
EndProject
Global
	GlobalSection(SolutionConfigurationPlatforms) = preSolution
		Debug|Any CPU = Debug|Any CPU
		Release|Any CPU = Release|Any CPU
	EndGlobalSection
	GlobalSection(ProjectConfigurationPlatforms) = postSolution
		{5108D0FF-7D70-4DC1-BB82-6EC08DC9551F}.Debug|Any CPU.ActiveCfg = Debug|Any CPU
		{5108D0FF-7D70-4DC1-BB82-6EC08DC9551F}.Debug|Any CPU.Build.0 = Debug|Any CPU
		{5108D0FF-7D70-4DC1-BB82-6EC08DC9551F}.Release|Any CPU.ActiveCfg = Release|Any CPU
		{5108D0FF-7D70-4DC1-BB82-6EC08DC9551F}.Release|Any CPU.Build.0 = Release|Any CPU
	EndGlobalSection
	GlobalSection(SolutionProperties) = preSolution
		HideSolutionNode = FALSE
	EndGlobalSection
	GlobalSection(ExtensibilityGlobals) = postSolution
		SolutionGuid = {2723AE15-82A4-4F0F-AB2C-E04432E59E20}
	EndGlobalSection
EndGlobal
